
Microsoft Visual Studio Solution File, Format Version 12.00
# Visual Studio 15
VisualStudioVersion = 15.0.26730.12
MinimumVisualStudioVersion = 10.0.40219.1
Project("{FAE04EC0-301F-11D3-BF4B-00C04F79EFBC}") = "TCS.SampleDotNet", "TCS.SampleDotNet\TCS.SampleDotNet.csproj", "{F70156FF-0D40-4C52-93B6-FC73D791F99D}"
EndProject
Global
	GlobalSection(SolutionConfigurationPlatforms) = preSolution
		Debug|Any CPU = Debug|Any CPU
		Release|Any CPU = Release|Any CPU
	EndGlobalSection
	GlobalSection(ProjectConfigurationPlatforms) = postSolution
		{F70156FF-0D40-4C52-93B6-FC73D791F99D}.Debug|Any CPU.ActiveCfg = Debug|Any CPU
		{F70156FF-0D40-4C52-93B6-FC73D791F99D}.Debug|Any CPU.Build.0 = Debug|Any CPU
		{F70156FF-0D40-4C52-93B6-FC73D791F99D}.Release|Any CPU.ActiveCfg = Release|Any CPU
		{F70156FF-0D40-4C52-93B6-FC73D791F99D}.Release|Any CPU.Build.0 = Release|Any CPU
	EndGlobalSection
	GlobalSection(SolutionProperties) = preSolution
		HideSolutionNode = FALSE
	EndGlobalSection
	GlobalSection(ExtensibilityGlobals) = postSolution
		SolutionGuid = {259E171C-8E67-4411-84B0-89CF048D6759}
	EndGlobalSection	
EndGlobal
